
Microsoft Visual Studio Solution File, Format Version 12.00
# Visual Studio Version 17
VisualStudioVersion = 17.4.33213.308
MinimumVisualStudioVersion = 10.0.40219.1
Project("{9A19103F-16F7-4668-BE54-9A1E7A4F7556}") = "JeremyAnsel.Xwa.Pilot", "JeremyAnsel.Xwa.Pilot\JeremyAnsel.Xwa.Pilot.csproj", "{D837DC2D-E0CF-4E9A-8E2D-1F94FDCD2FBC}"
EndProject
Project("{9A19103F-16F7-4668-BE54-9A1E7A4F7556}") = "Documentation", "Documentation\Documentation.csproj", "{BA8F3409-5EBC-4F93-A79C-B0421DEDE5A8}"
EndProject
Global
	GlobalSection(SolutionConfigurationPlatforms) = preSolution
		Debug|Any CPU = Debug|Any CPU
		Release|Any CPU = Release|Any CPU
	EndGlobalSection
	GlobalSection(ProjectConfigurationPlatforms) = postSolution
		{D837DC2D-E0CF-4E9A-8E2D-1F94FDCD2FBC}.Debug|Any CPU.ActiveCfg = Debug|Any CPU
		{D837DC2D-E0CF-4E9A-8E2D-1F94FDCD2FBC}.Debug|Any CPU.Build.0 = Debug|Any CPU
		{D837DC2D-E0CF-4E9A-8E2D-1F94FDCD2FBC}.Release|Any CPU.ActiveCfg = Release|Any CPU
		{D837DC2D-E0CF-4E9A-8E2D-1F94FDCD2FBC}.Release|Any CPU.Build.0 = Release|Any CPU
		{BA8F3409-5EBC-4F93-A79C-B0421DEDE5A8}.Debug|Any CPU.ActiveCfg = Debug|Any CPU
		{BA8F3409-5EBC-4F93-A79C-B0421DEDE5A8}.Release|Any CPU.ActiveCfg = Release|Any CPU
		{BA8F3409-5EBC-4F93-A79C-B0421DEDE5A8}.Release|Any CPU.Build.0 = Release|Any CPU
	EndGlobalSection
	GlobalSection(SolutionProperties) = preSolution
		HideSolutionNode = FALSE
	EndGlobalSection
	GlobalSection(ExtensibilityGlobals) = postSolution
		SolutionGuid = {331DAC6D-C4E8-4902-84B3-FEE062012D1D}
	EndGlobalSection
EndGlobal
